// !$*UTF8*$!
{
	archiveVersion = 1;
	classes = {
	};
	objectVersion = 46;
	objects = {

/* Begin PBXBuildFile section */
		439997B81EE1E50C00D91DAD /* main.m in Sources */ = {isa = PBXBuildFile; fileRef = 439997B71EE1E50C00D91DAD /* main.m */; };
		439997C01EE1E52C00D91DAD /* NSString+PigLatin.m in Sources */ = {isa = PBXBuildFile; fileRef = 439997BF1EE1E52C00D91DAD /* NSString+PigLatin.m */; };
/* End PBXBuildFile section */

/* Begin PBXCopyFilesBuildPhase section */
		439997B21EE1E50B00D91DAD /* CopyFiles */ = {
			isa = PBXCopyFilesBuildPhase;
			buildActionMask = 2147483647;
			dstPath = /usr/share/man/man1/;
			dstSubfolderSpec = 0;
			files = (
			);
			runOnlyForDeploymentPostprocessing = 1;
		};
/* End PBXCopyFilesBuildPhase section */

/* Begin PBXFileReference section */
		439997B41EE1E50B00D91DAD /* PigLatinizer */ = {isa = PBXFileReference; explicitFileType = "compiled.mach-o.executable"; includeInIndex = 0; path = PigLatinizer; sourceTree = BUILT_PRODUCTS_DIR; };
		439997B71EE1E50C00D91DAD /* main.m */ = {isa = PBXFileReference; lastKnownFileType = sourcecode.c.objc; path = main.m; sourceTree = "<group>"; };
		439997BE1EE1E52C00D91DAD /* NSString+PigLatin.h */ = {isa = PBXFileReference; fileEncoding = 4; lastKnownFileType = sourcecode.c.h; path = "NSString+PigLatin.h"; sourceTree = "<group>"; };
		439997BF1EE1E52C00D91DAD /* NSString+PigLatin.m */ = {isa = PBXFileReference; fileEncoding = 4; lastKnownFileType = sourcecode.c.objc; path = "NSString+PigLatin.m"; sourceTree = "<group>"; };
/* End PBXFileReference section */

/* Begin PBXFrameworksBuildPhase section */
		439997B11EE1E50B00D91DAD /* Frameworks */ = {
			isa = PBXFrameworksBuildPhase;
			buildActionMask = 2147483647;
			files = (
			);
			runOnlyForDeploymentPostprocessing = 0;
		};
/* End PBXFrameworksBuildPhase section */

/* Begin PBXGroup section */
		439997AB1EE1E50B00D91DAD = {
			isa = PBXGroup;
			children = (
				439997B61EE1E50B00D91DAD /* PigLatinizer */,
				439997B51EE1E50B00D91DAD /* Products */,
			);
			sourceTree = "<group>";
		};
		439997B51EE1E50B00D91DAD /* Products */ = {
			isa = PBXGroup;
			children = (
				439997B41EE1E50B00D91DAD /* PigLatinizer */,
			);
			name = Products;
			sourceTree = "<group>";
		};
		439997B61EE1E50B00D91DAD /* PigLatinizer */ = {
			isa = PBXGroup;
			children = (
				439997B71EE1E50C00D91DAD /* main.m */,
				439997BE1EE1E52C00D91DAD /* NSString+PigLatin.h */,
				439997BF1EE1E52C00D91DAD /* NSString+PigLatin.m */,
			);
			path = PigLatinizer;
			sourceTree = "<group>";
		};
/* End PBXGroup section */

/* Begin PBXNativeTarget section */
		439997B31EE1E50B00D91DAD /* PigLatinizer */ = {
			isa = PBXNativeTarget;
			buildConfigurationList = 439997BB1EE1E50C00D91DAD /* Build configuration list for PBXNativeTarget "PigLatinizer" */;
			buildPhases = (
				439997B01EE1E50B00D91DAD /* Sources */,
				439997B11EE1E50B00D91DAD /* Frameworks */,
				439997B21EE1E50B00D91DAD /* CopyFiles */,
			);
			buildRules = (
			);
			dependencies = (
			);
			name = PigLatinizer;
			productName = PigLatinizer;
			productReference = 439997B41EE1E50B00D91DAD /* PigLatinizer */;
			productType = "com.apple.product-type.tool";
		};
/* End PBXNativeTarget section */

/* Begin PBXProject section */
		439997AC1EE1E50B00D91DAD /* Project object */ = {
			isa = PBXProject;
			attributes = {
				LastUpgradeCheck = 0820;
				ORGANIZATIONNAME = "Alex Lee";
				TargetAttributes = {
					439997B31EE1E50B00D91DAD = {
						CreatedOnToolsVersion = 8.2.1;
						ProvisioningStyle = Automatic;
					};
				};
			};
			buildConfigurationList = 439997AF1EE1E50B00D91DAD /* Build configuration list for PBXProject "PigLatinizer" */;
			compatibilityVersion = "Xcode 3.2";
			developmentRegion = English;
			hasScannedForEncodings = 0;
			knownRegions = (
				en,
			);
			mainGroup = 439997AB1EE1E50B00D91DAD;
			productRefGroup = 439997B51EE1E50B00D91DAD /* Products */;
			projectDirPath = "";
			projectRoot = "";
			targets = (
				439997B31EE1E50B00D91DAD /* PigLatinizer */,
			);
		};
/* End PBXProject section */

/* Begin PBXSourcesBuildPhase section */
		439997B01EE1E50B00D91DAD /* Sources */ = {
			isa = PBXSourcesBuildPhase;
			buildActionMask = 2147483647;
			files = (
				439997B81EE1E50C00D91DAD /* main.m in Sources */,
				439997C01EE1E52C00D91DAD /* NSString+PigLatin.m in Sources */,
			);
			runOnlyForDeploymentPostprocessing = 0;
		};
/* End PBXSourcesBuildPhase section */

/* Begin XCBuildConfiguration section */
		439997B91EE1E50C00D91DAD /* Debug */ = {
			isa = XCBuildConfiguration;
			buildSettings = {
				ALWAYS_SEARCH_USER_PATHS = NO;
				CLANG_ANALYZER_NONNULL = YES;
				CLANG_CXX_LANGUAGE_STANDARD = "gnu++0x";
				CLANG_CXX_LIBRARY = "libc++";
				CLANG_ENABLE_MODULES = YES;
				CLANG_ENABLE_OBJC_ARC = YES;
				CLANG_WARN_BOOL_CONVERSION = YES;
				CLANG_WARN_CONSTANT_CONVERSION = YES;
				CLANG_WARN_DIRECT_OBJC_ISA_USAGE = YES_ERROR;
				CLANG_WARN_DOCUMENTATION_COMMENTS = YES;
				CLANG_WARN_EMPTY_BODY = YES;
				CLANG_WARN_ENUM_CONVERSION = YES;
				CLANG_WARN_INFINITE_RECURSION = YES;
				CLANG_WARN_INT_CONVERSION = YES;
				CLANG_WARN_OBJC_ROOT_CLASS = YES_ERROR;
				CLANG_WARN_SUSPICIOUS_MOVE = YES;
				CLANG_WARN_UNREACHABLE_CODE = YES;
				CLANG_WARN__DUPLICATE_METHOD_MATCH = YES;
				CODE_SIGN_IDENTITY = "-";
				COPY_PHASE_STRIP = NO;
				DEBUG_INFORMATION_FORMAT = dwarf;
				ENABLE_STRICT_OBJC_MSGSEND = YES;
				ENABLE_TESTABILITY = YES;
				GCC_C_LANGUAGE_STANDARD = gnu99;
				GCC_DYNAMIC_NO_PIC = NO;
				GCC_NO_COMMON_BLOCKS = YES;
				GCC_OPTIMIZATION_LEVEL = 0;
				GCC_PREPROCESSOR_DEFINITIONS = (
					"DEBUG=1",
					"$(inherited)",
				);
				GCC_WARN_64_TO_32_BIT_CONVERSION = YES;
				GCC_WARN_ABOUT_RETURN_TYPE = YES_ERROR;
				GCC_WARN_UNDECLARED_SELECTOR = YES;
				GCC_WARN_UNINITIALIZED_AUTOS = YES_AGGRESSIVE;
				GCC_WARN_UNUSED_FUNCTION = YES;
				GCC_WARN_UNUSED_VARIABLE = YES;
				MACOSX_DEPLOYMENT_TARGET = 10.12;
				MTL_ENABLE_DEBUG_INFO = YES;
				ONLY_ACTIVE_ARCH = YES;
				SDKROOT = macosx;
			};
			name = Debug;
		};
		439997BA1EE1E50C00D91DAD /* Release */ = {
			isa = XCBuildConfiguration;
			buildSettings = {
				ALWAYS_SEARCH_USER_PATHS = NO;
				CLANG_ANALYZER_NONNULL = YES;
				CLANG_CXX_LANGUAGE_STANDARD = "gnu++0x";
				CLANG_CXX_LIBRARY = "libc++";
				CLANG_ENABLE_MODULES = YES;
				CLANG_ENABLE_OBJC_ARC = YES;
				CLANG_WARN_BOOL_CONVERSION = YES;
				CLANG_WARN_CONSTANT_CONVERSION = YES;
				CLANG_WARN_DIRECT_OBJC_ISA_USAGE = YES_ERROR;
				CLANG_WARN_DOCUMENTATION_COMMENTS = YES;
				CLANG_WARN_EMPTY_BODY = YES;
				CLANG_WARN_ENUM_CONVERSION = YES;
				CLANG_WARN_INFINITE_RECURSION = YES;
				CLANG_WARN_INT_CONVERSION = YES;
				CLANG_WARN_OBJC_ROOT_CLASS = YES_ERROR;
				CLANG_WARN_SUSPICIOUS_MOVE = YES;
				CLANG_WARN_UNREACHABLE_CODE = YES;
				CLANG_WARN__DUPLICATE_METHOD_MATCH = YES;
				CODE_SIGN_IDENTITY = "-";
				COPY_PHASE_STRIP = NO;
				DEBUG_INFORMATION_FORMAT = "dwarf-with-dsym";
				ENABLE_NS_ASSERTIONS = NO;
				ENABLE_STRICT_OBJC_MSGSEND = YES;
				GCC_C_LANGUAGE_STANDARD = gnu99;
				GCC_NO_COMMON_BLOCKS = YES;
				GCC_WARN_64_TO_32_BIT_CONVERSION = YES;
				GCC_WARN_ABOUT_RETURN_TYPE = YES_ERROR;
				GCC_WARN_UNDECLARED_SELECTOR = YES;
				GCC_WARN_UNINITIALIZED_AUTOS = YES_AGGRESSIVE;
				GCC_WARN_UNUSED_FUNCTION = YES;
				GCC_WARN_UNUSED_VARIABLE = YES;
				MACOSX_DEPLOYMENT_TARGET = 10.12;
				MTL_ENABLE_DEBUG_INFO = NO;
				SDKROOT = macosx;
			};
			name = Release;
		};
		439997BC1EE1E50C00D91DAD /* Debug */ = {
			isa = XCBuildConfiguration;
			buildSettings = {
				PRODUCT_NAME = "$(TARGET_NAME)";
			};
			name = Debug;
		};
		439997BD1EE1E50C00D91DAD /* Release */ = {
			isa = XCBuildConfiguration;
			buildSettings = {
				PRODUCT_NAME = "$(TARGET_NAME)";
			};
			name = Release;
		};
/* End XCBuildConfiguration section */

/* Begin XCConfigurationList section */
		439997AF1EE1E50B00D91DAD /* Build configuration list for PBXProject "PigLatinizer" */ = {
			isa = XCConfigurationList;
			buildConfigurations = (
				439997B91EE1E50C00D91DAD /* Debug */,
				439997BA1EE1E50C00D91DAD /* Release */,
			);
			defaultConfigurationIsVisible = 0;
			defaultConfigurationName = Release;
		};
		439997BB1EE1E50C00D91DAD /* Build configuration list for PBXNativeTarget "PigLatinizer" */ = {
			isa = XCConfigurationList;
			buildConfigurations = (
				439997BC1EE1E50C00D91DAD /* Debug */,
				439997BD1EE1E50C00D91DAD /* Release */,
			);
			defaultConfigurationIsVisible = 0;
		};
/* End XCConfigurationList section */
	};
	rootObject = 439997AC1EE1E50B00D91DAD /* Project object */;
}
